
Microsoft Visual Studio Solution File, Format Version 12.00
# Visual Studio Version 17
VisualStudioVersion = 17.3.32929.385
MinimumVisualStudioVersion = 10.0.40219.1
Project("{FAE04EC0-301F-11D3-BF4B-00C04F79EFBC}") = "ConsoleTask1", "ConsoleTask1\ConsoleTask1.csproj", "{26DE059F-E779-453B-9B93-97ADCDB4F1F3}"
EndProject
Global
	GlobalSection(SolutionConfigurationPlatforms) = preSolution
		Debug|Any CPU = Debug|Any CPU
		Release|Any CPU = Release|Any CPU
	EndGlobalSection
	GlobalSection(ProjectConfigurationPlatforms) = postSolution
		{26DE059F-E779-453B-9B93-97ADCDB4F1F3}.Debug|Any CPU.ActiveCfg = Debug|Any CPU
		{26DE059F-E779-453B-9B93-97ADCDB4F1F3}.Debug|Any CPU.Build.0 = Debug|Any CPU
		{26DE059F-E779-453B-9B93-97ADCDB4F1F3}.Release|Any CPU.ActiveCfg = Release|Any CPU
		{26DE059F-E779-453B-9B93-97ADCDB4F1F3}.Release|Any CPU.Build.0 = Release|Any CPU
	EndGlobalSection
	GlobalSection(SolutionProperties) = preSolution
		HideSolutionNode = FALSE
	EndGlobalSection
	GlobalSection(ExtensibilityGlobals) = postSolution
		SolutionGuid = {CAE1540D-A943-4172-9424-AA1B91D277EF}
	EndGlobalSection
EndGlobal
