
Microsoft Visual Studio Solution File, Format Version 12.00
# Visual Studio Version 17
VisualStudioVersion = 17.3.32929.385
MinimumVisualStudioVersion = 10.0.40219.1
Project("{9A19103F-16F7-4668-BE54-9A1E7A4F7556}") = "Task1", "Task1\Task1.csproj", "{E8895202-5422-47F8-81C5-AF2DCE914056}"
EndProject
Project("{9A19103F-16F7-4668-BE54-9A1E7A4F7556}") = "Task2", "Task2\Task2.csproj", "{D1BD6E6B-9E29-45A4-BF5C-081BACF33D9C}"
EndProject
Project("{9A19103F-16F7-4668-BE54-9A1E7A4F7556}") = "Task3", "TasKis 3\Task3.csproj", "{8D29946D-3D27-4003-8185-57AFD79FEAE1}"
EndProject
Global
	GlobalSection(SolutionConfigurationPlatforms) = preSolution
		Debug|Any CPU = Debug|Any CPU
		Debug|x64 = Debug|x64
		Debug|x86 = Debug|x86
		Release|Any CPU = Release|Any CPU
		Release|x64 = Release|x64
		Release|x86 = Release|x86
	EndGlobalSection
	GlobalSection(ProjectConfigurationPlatforms) = postSolution
		{E8895202-5422-47F8-81C5-AF2DCE914056}.Debug|Any CPU.ActiveCfg = Debug|Any CPU
		{E8895202-5422-47F8-81C5-AF2DCE914056}.Debug|Any CPU.Build.0 = Debug|Any CPU
		{E8895202-5422-47F8-81C5-AF2DCE914056}.Debug|x64.ActiveCfg = Debug|Any CPU
		{E8895202-5422-47F8-81C5-AF2DCE914056}.Debug|x64.Build.0 = Debug|Any CPU
		{E8895202-5422-47F8-81C5-AF2DCE914056}.Debug|x86.ActiveCfg = Debug|Any CPU
		{E8895202-5422-47F8-81C5-AF2DCE914056}.Debug|x86.Build.0 = Debug|Any CPU
		{E8895202-5422-47F8-81C5-AF2DCE914056}.Release|Any CPU.ActiveCfg = Release|Any CPU
		{E8895202-5422-47F8-81C5-AF2DCE914056}.Release|Any CPU.Build.0 = Release|Any CPU
		{E8895202-5422-47F8-81C5-AF2DCE914056}.Release|x64.ActiveCfg = Release|Any CPU
		{E8895202-5422-47F8-81C5-AF2DCE914056}.Release|x64.Build.0 = Release|Any CPU
		{E8895202-5422-47F8-81C5-AF2DCE914056}.Release|x86.ActiveCfg = Release|Any CPU
		{E8895202-5422-47F8-81C5-AF2DCE914056}.Release|x86.Build.0 = Release|Any CPU
		{D1BD6E6B-9E29-45A4-BF5C-081BACF33D9C}.Debug|Any CPU.ActiveCfg = Debug|Any CPU
		{D1BD6E6B-9E29-45A4-BF5C-081BACF33D9C}.Debug|Any CPU.Build.0 = Debug|Any CPU
		{D1BD6E6B-9E29-45A4-BF5C-081BACF33D9C}.Debug|x64.ActiveCfg = Debug|Any CPU
		{D1BD6E6B-9E29-45A4-BF5C-081BACF33D9C}.Debug|x64.Build.0 = Debug|Any CPU
		{D1BD6E6B-9E29-45A4-BF5C-081BACF33D9C}.Debug|x86.ActiveCfg = Debug|Any CPU
		{D1BD6E6B-9E29-45A4-BF5C-081BACF33D9C}.Debug|x86.Build.0 = Debug|Any CPU
		{D1BD6E6B-9E29-45A4-BF5C-081BACF33D9C}.Release|Any CPU.ActiveCfg = Release|Any CPU
		{D1BD6E6B-9E29-45A4-BF5C-081BACF33D9C}.Release|Any CPU.Build.0 = Release|Any CPU
		{D1BD6E6B-9E29-45A4-BF5C-081BACF33D9C}.Release|x64.ActiveCfg = Release|Any CPU
		{D1BD6E6B-9E29-45A4-BF5C-081BACF33D9C}.Release|x64.Build.0 = Release|Any CPU
		{D1BD6E6B-9E29-45A4-BF5C-081BACF33D9C}.Release|x86.ActiveCfg = Release|Any CPU
		{D1BD6E6B-9E29-45A4-BF5C-081BACF33D9C}.Release|x86.Build.0 = Release|Any CPU
		{8D29946D-3D27-4003-8185-57AFD79FEAE1}.Debug|Any CPU.ActiveCfg = Debug|Any CPU
		{8D29946D-3D27-4003-8185-57AFD79FEAE1}.Debug|Any CPU.Build.0 = Debug|Any CPU
		{8D29946D-3D27-4003-8185-57AFD79FEAE1}.Debug|x64.ActiveCfg = Debug|Any CPU
		{8D29946D-3D27-4003-8185-57AFD79FEAE1}.Debug|x64.Build.0 = Debug|Any CPU
		{8D29946D-3D27-4003-8185-57AFD79FEAE1}.Debug|x86.ActiveCfg = Debug|Any CPU
		{8D29946D-3D27-4003-8185-57AFD79FEAE1}.Debug|x86.Build.0 = Debug|Any CPU
		{8D29946D-3D27-4003-8185-57AFD79FEAE1}.Release|Any CPU.ActiveCfg = Release|Any CPU
		{8D29946D-3D27-4003-8185-57AFD79FEAE1}.Release|Any CPU.Build.0 = Release|Any CPU
		{8D29946D-3D27-4003-8185-57AFD79FEAE1}.Release|x64.ActiveCfg = Release|Any CPU
		{8D29946D-3D27-4003-8185-57AFD79FEAE1}.Release|x64.Build.0 = Release|Any CPU
		{8D29946D-3D27-4003-8185-57AFD79FEAE1}.Release|x86.ActiveCfg = Release|Any CPU
		{8D29946D-3D27-4003-8185-57AFD79FEAE1}.Release|x86.Build.0 = Release|Any CPU
	EndGlobalSection
	GlobalSection(SolutionProperties) = preSolution
		HideSolutionNode = FALSE
	EndGlobalSection
	GlobalSection(ExtensibilityGlobals) = postSolution
		SolutionGuid = {876B3BF9-9AEB-4846-B9B8-13EA5786DE98}
	EndGlobalSection
EndGlobal
