
Microsoft Visual Studio Solution File, Format Version 12.00
# Visual Studio Version 17
VisualStudioVersion = 17.3.32929.385
MinimumVisualStudioVersion = 10.0.40219.1
Project("{FAE04EC0-301F-11D3-BF4B-00C04F79EFBC}") = "DZtask2", "DZtask2\DZtask2.csproj", "{4FDEBA40-6D93-4BA6-88B6-E71E282AD182}"
EndProject
Global
	GlobalSection(SolutionConfigurationPlatforms) = preSolution
		Debug|Any CPU = Debug|Any CPU
		Release|Any CPU = Release|Any CPU
	EndGlobalSection
	GlobalSection(ProjectConfigurationPlatforms) = postSolution
		{4FDEBA40-6D93-4BA6-88B6-E71E282AD182}.Debug|Any CPU.ActiveCfg = Debug|Any CPU
		{4FDEBA40-6D93-4BA6-88B6-E71E282AD182}.Debug|Any CPU.Build.0 = Debug|Any CPU
		{4FDEBA40-6D93-4BA6-88B6-E71E282AD182}.Release|Any CPU.ActiveCfg = Release|Any CPU
		{4FDEBA40-6D93-4BA6-88B6-E71E282AD182}.Release|Any CPU.Build.0 = Release|Any CPU
	EndGlobalSection
	GlobalSection(SolutionProperties) = preSolution
		HideSolutionNode = FALSE
	EndGlobalSection
	GlobalSection(ExtensibilityGlobals) = postSolution
		SolutionGuid = {E21F7D50-5BE2-4697-93C5-7D20ABA1133E}
	EndGlobalSection
EndGlobal
